
Microsoft Visual Studio Solution File, Format Version 12.00
# Visual Studio Version 17
VisualStudioVersion = 17.0.32112.339
MinimumVisualStudioVersion = 10.0.40219.1
Project("{FAE04EC0-301F-11D3-BF4B-00C04F79EFBC}") = "CSharp1", "CSharp Assignment\CSharp1.csproj", "{BEBDE59C-35B4-4810-ACDB-F080611A11BC}"
EndProject
Project("{FAE04EC0-301F-11D3-BF4B-00C04F79EFBC}") = "CSharp2", "CSharp2\CSharp2.csproj", "{C6F63169-E49F-4ECC-B686-5DE601D11BFF}"
EndProject
Project("{FAE04EC0-301F-11D3-BF4B-00C04F79EFBC}") = "CSharp3", "CSharp3\CSharp3.csproj", "{C2C3FD74-6240-4DC6-A058-A612C92746DB}"
EndProject
Project("{FAE04EC0-301F-11D3-BF4B-00C04F79EFBC}") = "CSharp4", "CSharp4\CSharp4.csproj", "{389960DA-2288-4303-BA7E-7F12FC7AB347}"
EndProject
Project("{FAE04EC0-301F-11D3-BF4B-00C04F79EFBC}") = "CSharp5", "CSharp5\CSharp5.csproj", "{CF3DF294-F29B-48B0-9B24-9C024139D6B4}"
EndProject
Project("{FAE04EC0-301F-11D3-BF4B-00C04F79EFBC}") = "CSharp6", "CSharp6\CSharp6.csproj", "{93045894-8368-4CD5-8521-50CDEB7C6B85}"
EndProject
Project("{FAE04EC0-301F-11D3-BF4B-00C04F79EFBC}") = "CSharp7", "CSharp7\CSharp7.csproj", "{791CDDAC-DC7F-4C39-8533-6211BDC41D62}"
EndProject
Project("{FAE04EC0-301F-11D3-BF4B-00C04F79EFBC}") = "CSharp11", "CSharp11\CSharp11.csproj", "{07C289B2-8B01-4EF3-B83D-E811F01993BD}"
EndProject
Project("{FAE04EC0-301F-11D3-BF4B-00C04F79EFBC}") = "CSharp12", "CSharp12\CSharp12.csproj", "{36123743-B499-4D35-9BC5-2FF5DA512037}"
EndProject
Project("{FAE04EC0-301F-11D3-BF4B-00C04F79EFBC}") = "CSharp13", "CSharp13\CSharp13.csproj", "{A43205EC-9568-47BD-BE1A-DCB93F932158}"
EndProject
Project("{FAE04EC0-301F-11D3-BF4B-00C04F79EFBC}") = "CSharp14", "CSharp14\CSharp14.csproj", "{9C0AC2F7-E35E-41F1-8752-4EF8FD6C6161}"
EndProject
Project("{FAE04EC0-301F-11D3-BF4B-00C04F79EFBC}") = "CSharp8", "CSharp8\CSharp8.csproj", "{3F83FF8B-1031-42AF-9E7A-D85F3219793C}"
EndProject
Project("{FAE04EC0-301F-11D3-BF4B-00C04F79EFBC}") = "CSharp10", "CSharp10\CSharp10.csproj", "{57534ACC-2968-45FE-8C49-E4DA1E50A151}"
EndProject
Project("{FAE04EC0-301F-11D3-BF4B-00C04F79EFBC}") = "CSharp16", "CSharp16\CSharp16.csproj", "{01F512E0-611F-46C9-A5B7-79C7B9F6C6AF}"
EndProject
Project("{FAE04EC0-301F-11D3-BF4B-00C04F79EFBC}") = "CSharp17", "CSharp17\CSharp17.csproj", "{0A13A646-2C0D-49B3-A93F-7DA28220A269}"
EndProject
Project("{FAE04EC0-301F-11D3-BF4B-00C04F79EFBC}") = "Menudriven", "Menudriven\Menudriven.csproj", "{A452EAAE-A99D-4690-ADAA-CBBDFCCF4B42}"
EndProject
Project("{FAE04EC0-301F-11D3-BF4B-00C04F79EFBC}") = "CSharp9", "CSharp9\CSharp9.csproj", "{822D5B8E-6B87-4437-8638-2F8840FA4DAE}"
EndProject
Project("{FAE04EC0-301F-11D3-BF4B-00C04F79EFBC}") = "CSharp15", "CSharp15\CSharp15.csproj", "{22EA2D75-421A-43C7-98A3-589C2674F68E}"
EndProject
Global
	GlobalSection(SolutionConfigurationPlatforms) = preSolution
		Debug|Any CPU = Debug|Any CPU
		Release|Any CPU = Release|Any CPU
	EndGlobalSection
	GlobalSection(ProjectConfigurationPlatforms) = postSolution
		{BEBDE59C-35B4-4810-ACDB-F080611A11BC}.Debug|Any CPU.ActiveCfg = Debug|Any CPU
		{BEBDE59C-35B4-4810-ACDB-F080611A11BC}.Debug|Any CPU.Build.0 = Debug|Any CPU
		{BEBDE59C-35B4-4810-ACDB-F080611A11BC}.Release|Any CPU.ActiveCfg = Release|Any CPU
		{BEBDE59C-35B4-4810-ACDB-F080611A11BC}.Release|Any CPU.Build.0 = Release|Any CPU
		{C6F63169-E49F-4ECC-B686-5DE601D11BFF}.Debug|Any CPU.ActiveCfg = Debug|Any CPU
		{C6F63169-E49F-4ECC-B686-5DE601D11BFF}.Debug|Any CPU.Build.0 = Debug|Any CPU
		{C6F63169-E49F-4ECC-B686-5DE601D11BFF}.Release|Any CPU.ActiveCfg = Release|Any CPU
		{C6F63169-E49F-4ECC-B686-5DE601D11BFF}.Release|Any CPU.Build.0 = Release|Any CPU
		{C2C3FD74-6240-4DC6-A058-A612C92746DB}.Debug|Any CPU.ActiveCfg = Debug|Any CPU
		{C2C3FD74-6240-4DC6-A058-A612C92746DB}.Debug|Any CPU.Build.0 = Debug|Any CPU
		{C2C3FD74-6240-4DC6-A058-A612C92746DB}.Release|Any CPU.ActiveCfg = Release|Any CPU
		{C2C3FD74-6240-4DC6-A058-A612C92746DB}.Release|Any CPU.Build.0 = Release|Any CPU
		{389960DA-2288-4303-BA7E-7F12FC7AB347}.Debug|Any CPU.ActiveCfg = Debug|Any CPU
		{389960DA-2288-4303-BA7E-7F12FC7AB347}.Debug|Any CPU.Build.0 = Debug|Any CPU
		{389960DA-2288-4303-BA7E-7F12FC7AB347}.Release|Any CPU.ActiveCfg = Release|Any CPU
		{389960DA-2288-4303-BA7E-7F12FC7AB347}.Release|Any CPU.Build.0 = Release|Any CPU
		{CF3DF294-F29B-48B0-9B24-9C024139D6B4}.Debug|Any CPU.ActiveCfg = Debug|Any CPU
		{CF3DF294-F29B-48B0-9B24-9C024139D6B4}.Debug|Any CPU.Build.0 = Debug|Any CPU
		{CF3DF294-F29B-48B0-9B24-9C024139D6B4}.Release|Any CPU.ActiveCfg = Release|Any CPU
		{CF3DF294-F29B-48B0-9B24-9C024139D6B4}.Release|Any CPU.Build.0 = Release|Any CPU
		{93045894-8368-4CD5-8521-50CDEB7C6B85}.Debug|Any CPU.ActiveCfg = Debug|Any CPU
		{93045894-8368-4CD5-8521-50CDEB7C6B85}.Debug|Any CPU.Build.0 = Debug|Any CPU
		{93045894-8368-4CD5-8521-50CDEB7C6B85}.Release|Any CPU.ActiveCfg = Release|Any CPU
		{93045894-8368-4CD5-8521-50CDEB7C6B85}.Release|Any CPU.Build.0 = Release|Any CPU
		{791CDDAC-DC7F-4C39-8533-6211BDC41D62}.Debug|Any CPU.ActiveCfg = Debug|Any CPU
		{791CDDAC-DC7F-4C39-8533-6211BDC41D62}.Debug|Any CPU.Build.0 = Debug|Any CPU
		{791CDDAC-DC7F-4C39-8533-6211BDC41D62}.Release|Any CPU.ActiveCfg = Release|Any CPU
		{791CDDAC-DC7F-4C39-8533-6211BDC41D62}.Release|Any CPU.Build.0 = Release|Any CPU
		{07C289B2-8B01-4EF3-B83D-E811F01993BD}.Debug|Any CPU.ActiveCfg = Debug|Any CPU
		{07C289B2-8B01-4EF3-B83D-E811F01993BD}.Debug|Any CPU.Build.0 = Debug|Any CPU
		{07C289B2-8B01-4EF3-B83D-E811F01993BD}.Release|Any CPU.ActiveCfg = Release|Any CPU
		{07C289B2-8B01-4EF3-B83D-E811F01993BD}.Release|Any CPU.Build.0 = Release|Any CPU
		{36123743-B499-4D35-9BC5-2FF5DA512037}.Debug|Any CPU.ActiveCfg = Debug|Any CPU
		{36123743-B499-4D35-9BC5-2FF5DA512037}.Debug|Any CPU.Build.0 = Debug|Any CPU
		{36123743-B499-4D35-9BC5-2FF5DA512037}.Release|Any CPU.ActiveCfg = Release|Any CPU
		{36123743-B499-4D35-9BC5-2FF5DA512037}.Release|Any CPU.Build.0 = Release|Any CPU
		{A43205EC-9568-47BD-BE1A-DCB93F932158}.Debug|Any CPU.ActiveCfg = Debug|Any CPU
		{A43205EC-9568-47BD-BE1A-DCB93F932158}.Debug|Any CPU.Build.0 = Debug|Any CPU
		{A43205EC-9568-47BD-BE1A-DCB93F932158}.Release|Any CPU.ActiveCfg = Release|Any CPU
		{A43205EC-9568-47BD-BE1A-DCB93F932158}.Release|Any CPU.Build.0 = Release|Any CPU
		{9C0AC2F7-E35E-41F1-8752-4EF8FD6C6161}.Debug|Any CPU.ActiveCfg = Debug|Any CPU
		{9C0AC2F7-E35E-41F1-8752-4EF8FD6C6161}.Debug|Any CPU.Build.0 = Debug|Any CPU
		{9C0AC2F7-E35E-41F1-8752-4EF8FD6C6161}.Release|Any CPU.ActiveCfg = Release|Any CPU
		{9C0AC2F7-E35E-41F1-8752-4EF8FD6C6161}.Release|Any CPU.Build.0 = Release|Any CPU
		{3F83FF8B-1031-42AF-9E7A-D85F3219793C}.Debug|Any CPU.ActiveCfg = Debug|Any CPU
		{3F83FF8B-1031-42AF-9E7A-D85F3219793C}.Debug|Any CPU.Build.0 = Debug|Any CPU
		{3F83FF8B-1031-42AF-9E7A-D85F3219793C}.Release|Any CPU.ActiveCfg = Release|Any CPU
		{3F83FF8B-1031-42AF-9E7A-D85F3219793C}.Release|Any CPU.Build.0 = Release|Any CPU
		{57534ACC-2968-45FE-8C49-E4DA1E50A151}.Debug|Any CPU.ActiveCfg = Debug|Any CPU
		{57534ACC-2968-45FE-8C49-E4DA1E50A151}.Debug|Any CPU.Build.0 = Debug|Any CPU
		{57534ACC-2968-45FE-8C49-E4DA1E50A151}.Release|Any CPU.ActiveCfg = Release|Any CPU
		{57534ACC-2968-45FE-8C49-E4DA1E50A151}.Release|Any CPU.Build.0 = Release|Any CPU
		{01F512E0-611F-46C9-A5B7-79C7B9F6C6AF}.Debug|Any CPU.ActiveCfg = Debug|Any CPU
		{01F512E0-611F-46C9-A5B7-79C7B9F6C6AF}.Debug|Any CPU.Build.0 = Debug|Any CPU
		{01F512E0-611F-46C9-A5B7-79C7B9F6C6AF}.Release|Any CPU.ActiveCfg = Release|Any CPU
		{01F512E0-611F-46C9-A5B7-79C7B9F6C6AF}.Release|Any CPU.Build.0 = Release|Any CPU
		{0A13A646-2C0D-49B3-A93F-7DA28220A269}.Debug|Any CPU.ActiveCfg = Debug|Any CPU
		{0A13A646-2C0D-49B3-A93F-7DA28220A269}.Debug|Any CPU.Build.0 = Debug|Any CPU
		{0A13A646-2C0D-49B3-A93F-7DA28220A269}.Release|Any CPU.ActiveCfg = Release|Any CPU
		{0A13A646-2C0D-49B3-A93F-7DA28220A269}.Release|Any CPU.Build.0 = Release|Any CPU
		{A452EAAE-A99D-4690-ADAA-CBBDFCCF4B42}.Debug|Any CPU.ActiveCfg = Debug|Any CPU
		{A452EAAE-A99D-4690-ADAA-CBBDFCCF4B42}.Debug|Any CPU.Build.0 = Debug|Any CPU
		{A452EAAE-A99D-4690-ADAA-CBBDFCCF4B42}.Release|Any CPU.ActiveCfg = Release|Any CPU
		{A452EAAE-A99D-4690-ADAA-CBBDFCCF4B42}.Release|Any CPU.Build.0 = Release|Any CPU
		{822D5B8E-6B87-4437-8638-2F8840FA4DAE}.Debug|Any CPU.ActiveCfg = Debug|Any CPU
		{822D5B8E-6B87-4437-8638-2F8840FA4DAE}.Debug|Any CPU.Build.0 = Debug|Any CPU
		{822D5B8E-6B87-4437-8638-2F8840FA4DAE}.Release|Any CPU.ActiveCfg = Release|Any CPU
		{822D5B8E-6B87-4437-8638-2F8840FA4DAE}.Release|Any CPU.Build.0 = Release|Any CPU
		{22EA2D75-421A-43C7-98A3-589C2674F68E}.Debug|Any CPU.ActiveCfg = Debug|Any CPU
		{22EA2D75-421A-43C7-98A3-589C2674F68E}.Debug|Any CPU.Build.0 = Debug|Any CPU
		{22EA2D75-421A-43C7-98A3-589C2674F68E}.Release|Any CPU.ActiveCfg = Release|Any CPU
		{22EA2D75-421A-43C7-98A3-589C2674F68E}.Release|Any CPU.Build.0 = Release|Any CPU
	EndGlobalSection
	GlobalSection(SolutionProperties) = preSolution
		HideSolutionNode = FALSE
	EndGlobalSection
	GlobalSection(ExtensibilityGlobals) = postSolution
		SolutionGuid = {C5844715-4C79-4E0D-AB99-A65886BB2688}
	EndGlobalSection
EndGlobal
